# THIS IS AN AUTOGENERATED FILE. DO NOT EDIT THIS FILE DIRECTLY.
# yarn lockfile v1
css-loading@^1.4.0:
  version "1.4.0"
  resolved "https://registry.yarnpkg.com/css-loading/-/css-loading-1.4.0.tgz#45e92356745c8ed06b5610d8c17c5f5fba2b52c5"

fastclick@^1.0.6:
  version "1.0.6"
  resolved "https://registry.yarnpkg.com/fastclick/-/fastclick-1.0.6.tgz#161625b27b1a5806405936bda9a2c1926d06be6a"

fis3-hook-node_modules@^2.2.7:
  version "2.2.8"
  resolved "https://registry.yarnpkg.com/fis3-hook-node_modules/-/fis3-hook-node_modules-2.2.8.tgz#12d956aad68efa1b4ae900eecd830dbe845f9982"
  dependencies:
    semver "^5.1.0"

fis3-media-extend@^1.0.0:
  version "1.0.0"
  resolved "https://registry.yarnpkg.com/fis3-media-extend/-/fis3-media-extend-1.0.0.tgz#247753330b71542088db6578022262d7552a014a"

fis3-media-manage@0.0.2:
  version "0.0.2"
  resolved "https://registry.yarnpkg.com/fis3-media-manage/-/fis3-media-manage-0.0.2.tgz#9eeb884fe6670c0c35510a1ada4b57f2f5a5ab92"

normalize.css@^4.2.0:
  version "4.2.0"
  resolved "https://registry.yarnpkg.com/normalize.css/-/normalize.css-4.2.0.tgz#21d66cc557154d4379fd1e079ec7de58a379b099"

semver@^5.1.0:
  version "5.3.0"
  resolved "https://registry.yarnpkg.com/semver/-/semver-5.3.0.tgz#9b2ce5d3de02d17c6012ad326aa6b4d0cf54f94f"

simple-template-js@0.0.2:
  version "0.0.2"
  resolved "https://registry.yarnpkg.com/simple-template-js/-/simple-template-js-0.0.2.tgz#c4aa8afd18fba6eda7f425897c18d7fcb83c8ecf"

url.js@^1.0.3:
  version "1.0.3"
  resolved "https://registry.yarnpkg.com/url.js/-/url.js-1.0.3.tgz#1ddb2bb2b6d722bb7df1cb90b490123cd3f17605"

zepto@^1.2.0:
  version "1.2.0"
  resolved "https://registry.yarnpkg.com/zepto/-/zepto-1.2.0.tgz#e127bd9e66fd846be5eab48c1394882f7c0e4f98"

